
Microsoft Visual Studio Solution File, Format Version 12.00
# Visual Studio 14
VisualStudioVersion = 14.0.25420.1
MinimumVisualStudioVersion = 10.0.40219.1
Project("{FAE04EC0-301F-11D3-BF4B-00C04F79EFBC}") = "SocketClient", "SocketClient.csproj", "{1056212C-14BC-497B-A52D-1B622738412C}"
EndProject
Project("{FAE04EC0-301F-11D3-BF4B-00C04F79EFBC}") = "SocketClinentAsyn", "..\SocketClinentAsyn\SocketClinentAsyn.csproj", "{E8330869-A3EA-4707-9B80-EE80FD325303}"
EndProject
Global
	GlobalSection(SolutionConfigurationPlatforms) = preSolution
		Debug|Any CPU = Debug|Any CPU
		Release|Any CPU = Release|Any CPU
	EndGlobalSection
	GlobalSection(ProjectConfigurationPlatforms) = postSolution
		{1056212C-14BC-497B-A52D-1B622738412C}.Debug|Any CPU.ActiveCfg = Debug|Any CPU
		{1056212C-14BC-497B-A52D-1B622738412C}.Debug|Any CPU.Build.0 = Debug|Any CPU
		{1056212C-14BC-497B-A52D-1B622738412C}.Release|Any CPU.ActiveCfg = Release|Any CPU
		{1056212C-14BC-497B-A52D-1B622738412C}.Release|Any CPU.Build.0 = Release|Any CPU
		{E8330869-A3EA-4707-9B80-EE80FD325303}.Debug|Any CPU.ActiveCfg = Debug|Any CPU
		{E8330869-A3EA-4707-9B80-EE80FD325303}.Debug|Any CPU.Build.0 = Debug|Any CPU
		{E8330869-A3EA-4707-9B80-EE80FD325303}.Release|Any CPU.ActiveCfg = Release|Any CPU
		{E8330869-A3EA-4707-9B80-EE80FD325303}.Release|Any CPU.Build.0 = Release|Any CPU
	EndGlobalSection
	GlobalSection(SolutionProperties) = preSolution
		HideSolutionNode = FALSE
	EndGlobalSection
EndGlobal
